
Microsoft Visual Studio Solution File, Format Version 12.00
# Visual Studio Version 17
VisualStudioVersion = 17.2.32616.157
MinimumVisualStudioVersion = 10.0.40219.1
Project("{9A19103F-16F7-4668-BE54-9A1E7A4F7556}") = "CleanApiSample.Api", "CleanApiSample.Api\CleanApiSample.Api.csproj", "{CF51E822-9BC7-4A26-950F-7A95FAB4DE1E}"
EndProject
Project("{9A19103F-16F7-4668-BE54-9A1E7A4F7556}") = "CleanApiSample.Domain", "CleanApiSample.Domain\CleanApiSample.Domain.csproj", "{649B5E85-C1C6-41E2-BB9C-0FAA02E80C85}"
EndProject
Project("{9A19103F-16F7-4668-BE54-9A1E7A4F7556}") = "CleanApiSample.Shared", "CleanApiSample.Shared\CleanApiSample.Shared.csproj", "{A17A7087-B911-4E5F-8EBE-98BEC4B7206C}"
EndProject
Project("{9A19103F-16F7-4668-BE54-9A1E7A4F7556}") = "CleanApiSample.Application", "CleanApiSample.Application\CleanApiSample.Application.csproj", "{05002FB2-0BF6-42B1-BE44-74FD6D05C3ED}"
EndProject
Project("{FAE04EC0-301F-11D3-BF4B-00C04F79EFBC}") = "CleanApiSample.Infrastructure", "CleanApiSample.Infrastructure\CleanApiSample.Infrastructure.csproj", "{CC6B91D7-E517-4807-A749-B9FAEF91FC0C}"
EndProject
Global
	GlobalSection(SolutionConfigurationPlatforms) = preSolution
		Debug|Any CPU = Debug|Any CPU
		Release|Any CPU = Release|Any CPU
	EndGlobalSection
	GlobalSection(ProjectConfigurationPlatforms) = postSolution
		{CF51E822-9BC7-4A26-950F-7A95FAB4DE1E}.Debug|Any CPU.ActiveCfg = Debug|Any CPU
		{CF51E822-9BC7-4A26-950F-7A95FAB4DE1E}.Debug|Any CPU.Build.0 = Debug|Any CPU
		{CF51E822-9BC7-4A26-950F-7A95FAB4DE1E}.Release|Any CPU.ActiveCfg = Release|Any CPU
		{CF51E822-9BC7-4A26-950F-7A95FAB4DE1E}.Release|Any CPU.Build.0 = Release|Any CPU
		{649B5E85-C1C6-41E2-BB9C-0FAA02E80C85}.Debug|Any CPU.ActiveCfg = Debug|Any CPU
		{649B5E85-C1C6-41E2-BB9C-0FAA02E80C85}.Debug|Any CPU.Build.0 = Debug|Any CPU
		{649B5E85-C1C6-41E2-BB9C-0FAA02E80C85}.Release|Any CPU.ActiveCfg = Release|Any CPU
		{649B5E85-C1C6-41E2-BB9C-0FAA02E80C85}.Release|Any CPU.Build.0 = Release|Any CPU
		{A17A7087-B911-4E5F-8EBE-98BEC4B7206C}.Debug|Any CPU.ActiveCfg = Debug|Any CPU
		{A17A7087-B911-4E5F-8EBE-98BEC4B7206C}.Debug|Any CPU.Build.0 = Debug|Any CPU
		{A17A7087-B911-4E5F-8EBE-98BEC4B7206C}.Release|Any CPU.ActiveCfg = Release|Any CPU
		{A17A7087-B911-4E5F-8EBE-98BEC4B7206C}.Release|Any CPU.Build.0 = Release|Any CPU
		{05002FB2-0BF6-42B1-BE44-74FD6D05C3ED}.Debug|Any CPU.ActiveCfg = Debug|Any CPU
		{05002FB2-0BF6-42B1-BE44-74FD6D05C3ED}.Debug|Any CPU.Build.0 = Debug|Any CPU
		{05002FB2-0BF6-42B1-BE44-74FD6D05C3ED}.Release|Any CPU.ActiveCfg = Release|Any CPU
		{05002FB2-0BF6-42B1-BE44-74FD6D05C3ED}.Release|Any CPU.Build.0 = Release|Any CPU
		{CC6B91D7-E517-4807-A749-B9FAEF91FC0C}.Debug|Any CPU.ActiveCfg = Debug|Any CPU
		{CC6B91D7-E517-4807-A749-B9FAEF91FC0C}.Debug|Any CPU.Build.0 = Debug|Any CPU
		{CC6B91D7-E517-4807-A749-B9FAEF91FC0C}.Release|Any CPU.ActiveCfg = Release|Any CPU
		{CC6B91D7-E517-4807-A749-B9FAEF91FC0C}.Release|Any CPU.Build.0 = Release|Any CPU
	EndGlobalSection
	GlobalSection(SolutionProperties) = preSolution
		HideSolutionNode = FALSE
	EndGlobalSection
	GlobalSection(ExtensibilityGlobals) = postSolution
		SolutionGuid = {6701642F-FEBA-4A9C-BB6D-B8AF0C9AF73D}
	EndGlobalSection
EndGlobal
