
Microsoft Visual Studio Solution File, Format Version 12.00
# Visual Studio Version 17
VisualStudioVersion = 17.2.32616.157
MinimumVisualStudioVersion = 10.0.40219.1
Project("{FAE04EC0-301F-11D3-BF4B-00C04F79EFBC}") = "CleanApiSample.Api", "CleanApiSample\CleanApiSample.Api.csproj", "{82864790-D143-4CD9-B888-D80231ED4170}"
EndProject
Global
	GlobalSection(SolutionConfigurationPlatforms) = preSolution
		Debug|Any CPU = Debug|Any CPU
		Release|Any CPU = Release|Any CPU
	EndGlobalSection
	GlobalSection(ProjectConfigurationPlatforms) = postSolution
		{82864790-D143-4CD9-B888-D80231ED4170}.Debug|Any CPU.ActiveCfg = Debug|Any CPU
		{82864790-D143-4CD9-B888-D80231ED4170}.Debug|Any CPU.Build.0 = Debug|Any CPU
		{82864790-D143-4CD9-B888-D80231ED4170}.Release|Any CPU.ActiveCfg = Release|Any CPU
		{82864790-D143-4CD9-B888-D80231ED4170}.Release|Any CPU.Build.0 = Release|Any CPU
	EndGlobalSection
	GlobalSection(SolutionProperties) = preSolution
		HideSolutionNode = FALSE
	EndGlobalSection
	GlobalSection(ExtensibilityGlobals) = postSolution
		SolutionGuid = {0F979ABA-89A1-4292-9E05-99BFB01055D3}
	EndGlobalSection
EndGlobal
